
Microsoft Visual Studio Solution File, Format Version 12.00
# Visual Studio Version 17
VisualStudioVersion = 17.1.32328.378
MinimumVisualStudioVersion = 10.0.40219.1
Project("{FAE04EC0-301F-11D3-BF4B-00C04F79EFBC}") = "binaire", "binaire\binaire.csproj", "{0ED3FBEC-9ADF-4480-9A02-C819422A91D2}"
EndProject
Global
	GlobalSection(SolutionConfigurationPlatforms) = preSolution
		Debug|Any CPU = Debug|Any CPU
		Release|Any CPU = Release|Any CPU
	EndGlobalSection
	GlobalSection(ProjectConfigurationPlatforms) = postSolution
		{0ED3FBEC-9ADF-4480-9A02-C819422A91D2}.Debug|Any CPU.ActiveCfg = Debug|Any CPU
		{0ED3FBEC-9ADF-4480-9A02-C819422A91D2}.Debug|Any CPU.Build.0 = Debug|Any CPU
		{0ED3FBEC-9ADF-4480-9A02-C819422A91D2}.Release|Any CPU.ActiveCfg = Release|Any CPU
		{0ED3FBEC-9ADF-4480-9A02-C819422A91D2}.Release|Any CPU.Build.0 = Release|Any CPU
	EndGlobalSection
	GlobalSection(SolutionProperties) = preSolution
		HideSolutionNode = FALSE
	EndGlobalSection
	GlobalSection(ExtensibilityGlobals) = postSolution
		SolutionGuid = {995B6334-C022-42F3-9E57-19E549BEE9B7}
	EndGlobalSection
EndGlobal
